
Microsoft Visual Studio Solution File, Format Version 12.00
# Visual Studio Version 16
VisualStudioVersion = 16.0.30128.74
MinimumVisualStudioVersion = 10.0.40219.1
Project("{9A19103F-16F7-4668-BE54-9A1E7A4F7556}") = "Bookversity.Api", "Bookversity.Api\Bookversity.Api.csproj", "{2E8477DA-69B0-4BCA-961D-C6A30492388F}"
EndProject
Project("{FAE04EC0-301F-11D3-BF4B-00C04F79EFBC}") = "Bookversity.SignalR", "Bookversity.SignalR\Bookversity.SignalR.csproj", "{F11B913D-31EA-4914-9FDB-6F7610B92599}"
EndProject
Global
	GlobalSection(SolutionConfigurationPlatforms) = preSolution
		Debug|Any CPU = Debug|Any CPU
		Release|Any CPU = Release|Any CPU
	EndGlobalSection
	GlobalSection(ProjectConfigurationPlatforms) = postSolution
		{2E8477DA-69B0-4BCA-961D-C6A30492388F}.Debug|Any CPU.ActiveCfg = Debug|Any CPU
		{2E8477DA-69B0-4BCA-961D-C6A30492388F}.Debug|Any CPU.Build.0 = Debug|Any CPU
		{2E8477DA-69B0-4BCA-961D-C6A30492388F}.Release|Any CPU.ActiveCfg = Release|Any CPU
		{2E8477DA-69B0-4BCA-961D-C6A30492388F}.Release|Any CPU.Build.0 = Release|Any CPU
		{F11B913D-31EA-4914-9FDB-6F7610B92599}.Debug|Any CPU.ActiveCfg = Debug|Any CPU
		{F11B913D-31EA-4914-9FDB-6F7610B92599}.Debug|Any CPU.Build.0 = Debug|Any CPU
		{F11B913D-31EA-4914-9FDB-6F7610B92599}.Release|Any CPU.ActiveCfg = Release|Any CPU
		{F11B913D-31EA-4914-9FDB-6F7610B92599}.Release|Any CPU.Build.0 = Release|Any CPU
	EndGlobalSection
	GlobalSection(SolutionProperties) = preSolution
		HideSolutionNode = FALSE
	EndGlobalSection
	GlobalSection(ExtensibilityGlobals) = postSolution
		SolutionGuid = {A82E611A-0855-4ECE-AE51-728AB94F0149}
	EndGlobalSection
EndGlobal
